<?xml version="1.0" encoding="UTF-8"?>
<!DOCTYPE plist PUBLIC "-//Apple//DTD PLIST 1.0//EN" "http://www.apple.com/DTDs/PropertyList-1.0.dtd">
<plist version="1.0">
<dict>
	<key>archiveVersion</key>
	<string>1</string>
	<key>classes</key>
	<dict/>
	<key>objectVersion</key>
	<string>46</string>
	<key>objects</key>
	<dict>
		<key>01049FFA44444CBBB2C92880</key>
		<dict>
			<key>includeInIndex</key>
			<string>1</string>
			<key>isa</key>
			<string>PBXFileReference</string>
			<key>lastKnownFileType</key>
			<string>text.xcconfig</string>
			<key>name</key>
			<string>Pods.xcconfig</string>
			<key>path</key>
			<string>Pods/Pods.xcconfig</string>
			<key>sourceTree</key>
			<string>&lt;group&gt;</string>
		</dict>
		<key>0AA109B2F4E34D41A94E6585</key>
		<dict>
			<key>explicitFileType</key>
			<string>archive.ar</string>
			<key>includeInIndex</key>
			<string>0</string>
			<key>isa</key>
			<string>PBXFileReference</string>
			<key>path</key>
			<string>libPods.a</string>
			<key>sourceTree</key>
			<string>BUILT_PRODUCTS_DIR</string>
		</dict>
		<key>A60F698017354BB6A8D29AE5</key>
		<dict>
			<key>fileRef</key>
			<string>0AA109B2F4E34D41A94E6585</string>
			<key>isa</key>
			<string>PBXBuildFile</string>
		</dict>
		<key>ABF66B9DCD4A4377A9E5BC70</key>
		<dict>
			<key>buildActionMask</key>
			<string>2147483647</string>
			<key>files</key>
			<array/>
			<key>inputPaths</key>
			<array/>
			<key>isa</key>
			<string>PBXShellScriptBuildPhase</string>
			<key>name</key>
			<string>Check Pods Manifest.lock</string>
			<key>outputPaths</key>
			<array/>
			<key>runOnlyForDeploymentPostprocessing</key>
			<string>0</string>
			<key>shellPath</key>
			<string>/bin/sh</string>
			<key>shellScript</key>
			<string>diff "${PODS_ROOT}/../Podfile.lock" "${PODS_ROOT}/Manifest.lock" &gt; /dev/null
if [[ $? != 0 ]] ; then
    cat &lt;&lt; EOM
error: The sandbox is not in sync with the Podfile.lock. Run 'pod install' or update your CocoaPods installation.
EOM
    exit 1
fi
</string>
			<key>showEnvVarsInLog</key>
			<string>0</string>
		</dict>
		<key>DA9E8587180CF8F70034193E</key>
		<dict>
			<key>children</key>
			<array>
				<string>DA9E8599180CF8F70034193E</string>
				<string>DA9E85B8180CF8F70034193E</string>
				<string>DA9E8592180CF8F70034193E</string>
				<string>DA9E8591180CF8F70034193E</string>
				<string>01049FFA44444CBBB2C92880</string>
			</array>
			<key>isa</key>
			<string>PBXGroup</string>
			<key>sourceTree</key>
			<string>&lt;group&gt;</string>
		</dict>
		<key>DA9E8588180CF8F70034193E</key>
		<dict>
			<key>attributes</key>
			<dict>
				<key>LastUpgradeCheck</key>
				<string>0500</string>
				<key>ORGANIZATIONNAME</key>
				<string>Dustin Bachrach</string>
				<key>TargetAttributes</key>
				<dict>
					<key>DA9E85B0180CF8F70034193E</key>
					<dict>
						<key>TestTargetID</key>
						<string>DA9E858F180CF8F70034193E</string>
					</dict>
				</dict>
			</dict>
			<key>buildConfigurationList</key>
			<string>DA9E858B180CF8F70034193E</string>
			<key>compatibilityVersion</key>
			<string>Xcode 3.2</string>
			<key>developmentRegion</key>
			<string>English</string>
			<key>hasScannedForEncodings</key>
			<string>0</string>
			<key>isa</key>
			<string>PBXProject</string>
			<key>knownRegions</key>
			<array>
				<string>en</string>
				<string>Base</string>
			</array>
			<key>mainGroup</key>
			<string>DA9E8587180CF8F70034193E</string>
			<key>productRefGroup</key>
			<string>DA9E8591180CF8F70034193E</string>
			<key>projectDirPath</key>
			<string></string>
			<key>projectReferences</key>
			<array/>
			<key>projectRoot</key>
			<string></string>
			<key>targets</key>
			<array>
				<string>DA9E858F180CF8F70034193E</string>
				<string>DA9E85B0180CF8F70034193E</string>
			</array>
		</dict>
		<key>DA9E858B180CF8F70034193E</key>
		<dict>
			<key>buildConfigurations</key>
			<array>
				<string>DA9E85C0180CF8F70034193E</string>
				<string>DA9E85C1180CF8F70034193E</string>
			</array>
			<key>defaultConfigurationIsVisible</key>
			<string>0</string>
			<key>defaultConfigurationName</key>
			<string>Release</string>
			<key>isa</key>
			<string>XCConfigurationList</string>
		</dict>
		<key>DA9E858C180CF8F70034193E</key>
		<dict>
			<key>buildActionMask</key>
			<string>2147483647</string>
			<key>files</key>
			<array>
				<string>DA9E85AA180CF8F70034193E</string>
				<string>DA9E85A4180CF8F70034193E</string>
				<string>DA9E85A0180CF8F70034193E</string>
			</array>
			<key>isa</key>
			<string>PBXSourcesBuildPhase</string>
			<key>runOnlyForDeploymentPostprocessing</key>
			<string>0</string>
		</dict>
		<key>DA9E858D180CF8F70034193E</key>
		<dict>
			<key>buildActionMask</key>
			<string>2147483647</string>
			<key>files</key>
			<array>
				<string>DA9E8596180CF8F70034193E</string>
				<string>DA9E8598180CF8F70034193E</string>
				<string>DA9E8594180CF8F70034193E</string>
				<string>A60F698017354BB6A8D29AE5</string>
			</array>
			<key>isa</key>
			<string>PBXFrameworksBuildPhase</string>
			<key>runOnlyForDeploymentPostprocessing</key>
			<string>0</string>
		</dict>
		<key>DA9E858E180CF8F70034193E</key>
		<dict>
			<key>buildActionMask</key>
			<string>2147483647</string>
			<key>files</key>
			<array>
				<string>DA9E85AC180CF8F70034193E</string>
				<string>DA9E859E180CF8F70034193E</string>
				<string>DA9E85A7180CF8F70034193E</string>
			</array>
			<key>isa</key>
			<string>PBXResourcesBuildPhase</string>
			<key>runOnlyForDeploymentPostprocessing</key>
			<string>0</string>
		</dict>
		<key>DA9E858F180CF8F70034193E</key>
		<dict>
			<key>buildConfigurationList</key>
			<string>DA9E85C2180CF8F70034193E</string>
			<key>buildPhases</key>
			<array>
				<string>ABF66B9DCD4A4377A9E5BC70</string>
				<string>DA9E858C180CF8F70034193E</string>
				<string>DA9E858D180CF8F70034193E</string>
				<string>DA9E858E180CF8F70034193E</string>
				<string>E62C789FF1DB4BD28868B11A</string>
			</array>
			<key>buildRules</key>
			<array/>
			<key>dependencies</key>
			<array/>
			<key>isa</key>
			<string>PBXNativeTarget</string>
			<key>name</key>
			<string>OCUDLExample</string>
			<key>productName</key>
			<string>OCUDLExample</string>
			<key>productReference</key>
			<string>DA9E8590180CF8F70034193E</string>
			<key>productType</key>
			<string>com.apple.product-type.application</string>
		</dict>
		<key>DA9E8590180CF8F70034193E</key>
		<dict>
			<key>explicitFileType</key>
			<string>wrapper.application</string>
			<key>includeInIndex</key>
			<string>0</string>
			<key>isa</key>
			<string>PBXFileReference</string>
			<key>path</key>
			<string>OCUDLExample.app</string>
			<key>sourceTree</key>
			<string>BUILT_PRODUCTS_DIR</string>
		</dict>
		<key>DA9E8591180CF8F70034193E</key>
		<dict>
			<key>children</key>
			<array>
				<string>DA9E8590180CF8F70034193E</string>
				<string>DA9E85B1180CF8F70034193E</string>
			</array>
			<key>isa</key>
			<string>PBXGroup</string>
			<key>name</key>
			<string>Products</string>
			<key>sourceTree</key>
			<string>&lt;group&gt;</string>
		</dict>
		<key>DA9E8592180CF8F70034193E</key>
		<dict>
			<key>children</key>
			<array>
				<string>DA9E8593180CF8F70034193E</string>
				<string>DA9E8595180CF8F70034193E</string>
				<string>DA9E8597180CF8F70034193E</string>
				<string>DA9E85B2180CF8F70034193E</string>
				<string>0AA109B2F4E34D41A94E6585</string>
			</array>
			<key>isa</key>
			<string>PBXGroup</string>
			<key>name</key>
			<string>Frameworks</string>
			<key>sourceTree</key>
			<string>&lt;group&gt;</string>
		</dict>
		<key>DA9E8593180CF8F70034193E</key>
		<dict>
			<key>isa</key>
			<string>PBXFileReference</string>
			<key>lastKnownFileType</key>
			<string>wrapper.framework</string>
			<key>name</key>
			<string>Foundation.framework</string>
			<key>path</key>
			<string>System/Library/Frameworks/Foundation.framework</string>
			<key>sourceTree</key>
			<string>SDKROOT</string>
		</dict>
		<key>DA9E8594180CF8F70034193E</key>
		<dict>
			<key>fileRef</key>
			<string>DA9E8593180CF8F70034193E</string>
			<key>isa</key>
			<string>PBXBuildFile</string>
		</dict>
		<key>DA9E8595180CF8F70034193E</key>
		<dict>
			<key>isa</key>
			<string>PBXFileReference</string>
			<key>lastKnownFileType</key>
			<string>wrapper.framework</string>
			<key>name</key>
			<string>CoreGraphics.framework</string>
			<key>path</key>
			<string>System/Library/Frameworks/CoreGraphics.framework</string>
			<key>sourceTree</key>
			<string>SDKROOT</string>
		</dict>
		<key>DA9E8596180CF8F70034193E</key>
		<dict>
			<key>fileRef</key>
			<string>DA9E8595180CF8F70034193E</string>
			<key>isa</key>
			<string>PBXBuildFile</string>
		</dict>
		<key>DA9E8597180CF8F70034193E</key>
		<dict>
			<key>isa</key>
			<string>PBXFileReference</string>
			<key>lastKnownFileType</key>
			<string>wrapper.framework</string>
			<key>name</key>
			<string>UIKit.framework</string>
			<key>path</key>
			<string>System/Library/Frameworks/UIKit.framework</string>
			<key>sourceTree</key>
			<string>SDKROOT</string>
		</dict>
		<key>DA9E8598180CF8F70034193E</key>
		<dict>
			<key>fileRef</key>
			<string>DA9E8597180CF8F70034193E</string>
			<key>isa</key>
			<string>PBXBuildFile</string>
		</dict>
		<key>DA9E8599180CF8F70034193E</key>
		<dict>
			<key>children</key>
			<array>
				<string>DA9E85A2180CF8F70034193E</string>
				<string>DA9E85A3180CF8F70034193E</string>
				<string>DA9E85A5180CF8F70034193E</string>
				<string>DA9E85A8180CF8F70034193E</string>
				<string>DA9E85A9180CF8F70034193E</string>
				<string>DA9E85AB180CF8F70034193E</string>
				<string>DA9E859A180CF8F70034193E</string>
			</array>
			<key>isa</key>
			<string>PBXGroup</string>
			<key>path</key>
			<string>OCUDLExample</string>
			<key>sourceTree</key>
			<string>&lt;group&gt;</string>
		</dict>
		<key>DA9E859A180CF8F70034193E</key>
		<dict>
			<key>children</key>
			<array>
				<string>DA9E859B180CF8F70034193E</string>
				<string>DA9E859C180CF8F70034193E</string>
				<string>DA9E859F180CF8F70034193E</string>
				<string>DA9E85A1180CF8F70034193E</string>
			</array>
			<key>isa</key>
			<string>PBXGroup</string>
			<key>name</key>
			<string>Supporting Files</string>
			<key>sourceTree</key>
			<string>&lt;group&gt;</string>
		</dict>
		<key>DA9E859B180CF8F70034193E</key>
		<dict>
			<key>isa</key>
			<string>PBXFileReference</string>
			<key>lastKnownFileType</key>
			<string>text.plist.xml</string>
			<key>path</key>
			<string>OCUDLExample-Info.plist</string>
			<key>sourceTree</key>
			<string>&lt;group&gt;</string>
		</dict>
		<key>DA9E859C180CF8F70034193E</key>
		<dict>
			<key>children</key>
			<array>
				<string>DA9E859D180CF8F70034193E</string>
			</array>
			<key>isa</key>
			<string>PBXVariantGroup</string>
			<key>name</key>
			<string>InfoPlist.strings</string>
			<key>sourceTree</key>
			<string>&lt;group&gt;</string>
		</dict>
		<key>DA9E859D180CF8F70034193E</key>
		<dict>
			<key>isa</key>
			<string>PBXFileReference</string>
			<key>lastKnownFileType</key>
			<string>text.plist.strings</string>
			<key>name</key>
			<string>en</string>
			<key>path</key>
			<string>en.lproj/InfoPlist.strings</string>
			<key>sourceTree</key>
			<string>&lt;group&gt;</string>
		</dict>
		<key>DA9E859E180CF8F70034193E</key>
		<dict>
			<key>fileRef</key>
			<string>DA9E859C180CF8F70034193E</string>
			<key>isa</key>
			<string>PBXBuildFile</string>
		</dict>
		<key>DA9E859F180CF8F70034193E</key>
		<dict>
			<key>isa</key>
			<string>PBXFileReference</string>
			<key>lastKnownFileType</key>
			<string>sourcecode.c.objc</string>
			<key>path</key>
			<string>main.m</string>
			<key>sourceTree</key>
			<string>&lt;group&gt;</string>
		</dict>
		<key>DA9E85A0180CF8F70034193E</key>
		<dict>
			<key>fileRef</key>
			<string>DA9E859F180CF8F70034193E</string>
			<key>isa</key>
			<string>PBXBuildFile</string>
		</dict>
		<key>DA9E85A1180CF8F70034193E</key>
		<dict>
			<key>isa</key>
			<string>PBXFileReference</string>
			<key>lastKnownFileType</key>
			<string>sourcecode.c.h</string>
			<key>path</key>
			<string>OCUDLExample-Prefix.pch</string>
			<key>sourceTree</key>
			<string>&lt;group&gt;</string>
		</dict>
		<key>DA9E85A2180CF8F70034193E</key>
		<dict>
			<key>isa</key>
			<string>PBXFileReference</string>
			<key>lastKnownFileType</key>
			<string>sourcecode.c.h</string>
			<key>path</key>
			<string>AppDelegate.h</string>
			<key>sourceTree</key>
			<string>&lt;group&gt;</string>
		</dict>
		<key>DA9E85A3180CF8F70034193E</key>
		<dict>
			<key>isa</key>
			<string>PBXFileReference</string>
			<key>lastKnownFileType</key>
			<string>sourcecode.c.objc</string>
			<key>path</key>
			<string>AppDelegate.m</string>
			<key>sourceTree</key>
			<string>&lt;group&gt;</string>
		</dict>
		<key>DA9E85A4180CF8F70034193E</key>
		<dict>
			<key>fileRef</key>
			<string>DA9E85A3180CF8F70034193E</string>
			<key>isa</key>
			<string>PBXBuildFile</string>
		</dict>
		<key>DA9E85A5180CF8F70034193E</key>
		<dict>
			<key>children</key>
			<array>
				<string>DA9E85A6180CF8F70034193E</string>
			</array>
			<key>isa</key>
			<string>PBXVariantGroup</string>
			<key>name</key>
			<string>Main.storyboard</string>
			<key>sourceTree</key>
			<string>&lt;group&gt;</string>
		</dict>
		<key>DA9E85A6180CF8F70034193E</key>
		<dict>
			<key>isa</key>
			<string>PBXFileReference</string>
			<key>lastKnownFileType</key>
			<string>file.storyboard</string>
			<key>name</key>
			<string>Base</string>
			<key>path</key>
			<string>Base.lproj/Main.storyboard</string>
			<key>sourceTree</key>
			<string>&lt;group&gt;</string>
		</dict>
		<key>DA9E85A7180CF8F70034193E</key>
		<dict>
			<key>fileRef</key>
			<string>DA9E85A5180CF8F70034193E</string>
			<key>isa</key>
			<string>PBXBuildFile</string>
		</dict>
		<key>DA9E85A8180CF8F70034193E</key>
		<dict>
			<key>isa</key>
			<string>PBXFileReference</string>
			<key>lastKnownFileType</key>
			<string>sourcecode.c.h</string>
			<key>path</key>
			<string>ViewController.h</string>
			<key>sourceTree</key>
			<string>&lt;group&gt;</string>
		</dict>
		<key>DA9E85A9180CF8F70034193E</key>
		<dict>
			<key>isa</key>
			<string>PBXFileReference</string>
			<key>lastKnownFileType</key>
			<string>sourcecode.c.objc</string>
			<key>path</key>
			<string>ViewController.m</string>
			<key>sourceTree</key>
			<string>&lt;group&gt;</string>
		</dict>
		<key>DA9E85AA180CF8F70034193E</key>
		<dict>
			<key>fileRef</key>
			<string>DA9E85A9180CF8F70034193E</string>
			<key>isa</key>
			<string>PBXBuildFile</string>
		</dict>
		<key>DA9E85AB180CF8F70034193E</key>
		<dict>
			<key>isa</key>
			<string>PBXFileReference</string>
			<key>lastKnownFileType</key>
			<string>folder.assetcatalog</string>
			<key>path</key>
			<string>Images.xcassets</string>
			<key>sourceTree</key>
			<string>&lt;group&gt;</string>
		</dict>
		<key>DA9E85AC180CF8F70034193E</key>
		<dict>
			<key>fileRef</key>
			<string>DA9E85AB180CF8F70034193E</string>
			<key>isa</key>
			<string>PBXBuildFile</string>
		</dict>
		<key>DA9E85AD180CF8F70034193E</key>
		<dict>
			<key>buildActionMask</key>
			<string>2147483647</string>
			<key>files</key>
			<array>
				<string>DA9E85BF180CF8F70034193E</string>
			</array>
			<key>isa</key>
			<string>PBXSourcesBuildPhase</string>
			<key>runOnlyForDeploymentPostprocessing</key>
			<string>0</string>
		</dict>
		<key>DA9E85AE180CF8F70034193E</key>
		<dict>
			<key>buildActionMask</key>
			<string>2147483647</string>
			<key>files</key>
			<array>
				<string>DA9E85B3180CF8F70034193E</string>
				<string>DA9E85B5180CF8F70034193E</string>
				<string>DA9E85B4180CF8F70034193E</string>
			</array>
			<key>isa</key>
			<string>PBXFrameworksBuildPhase</string>
			<key>runOnlyForDeploymentPostprocessing</key>
			<string>0</string>
		</dict>
		<key>DA9E85AF180CF8F70034193E</key>
		<dict>
			<key>buildActionMask</key>
			<string>2147483647</string>
			<key>files</key>
			<array>
				<string>DA9E85BD180CF8F70034193E</string>
			</array>
			<key>isa</key>
			<string>PBXResourcesBuildPhase</string>
			<key>runOnlyForDeploymentPostprocessing</key>
			<string>0</string>
		</dict>
		<key>DA9E85B0180CF8F70034193E</key>
		<dict>
			<key>buildConfigurationList</key>
			<string>DA9E85C5180CF8F70034193E</string>
			<key>buildPhases</key>
			<array>
				<string>DA9E85AD180CF8F70034193E</string>
				<string>DA9E85AE180CF8F70034193E</string>
				<string>DA9E85AF180CF8F70034193E</string>
			</array>
			<key>buildRules</key>
			<array/>
			<key>dependencies</key>
			<array>
				<string>DA9E85B7180CF8F70034193E</string>
			</array>
			<key>isa</key>
			<string>PBXNativeTarget</string>
			<key>name</key>
			<string>OCUDLExampleTests</string>
			<key>productName</key>
			<string>OCUDLExampleTests</string>
			<key>productReference</key>
			<string>DA9E85B1180CF8F70034193E</string>
			<key>productType</key>
			<string>com.apple.product-type.bundle.unit-test</string>
		</dict>
		<key>DA9E85B1180CF8F70034193E</key>
		<dict>
			<key>explicitFileType</key>
			<string>wrapper.cfbundle</string>
			<key>includeInIndex</key>
			<string>0</string>
			<key>isa</key>
			<string>PBXFileReference</string>
			<key>path</key>
			<string>OCUDLExampleTests.xctest</string>
			<key>sourceTree</key>
			<string>BUILT_PRODUCTS_DIR</string>
		</dict>
		<key>DA9E85B2180CF8F70034193E</key>
		<dict>
			<key>isa</key>
			<string>PBXFileReference</string>
			<key>lastKnownFileType</key>
			<string>wrapper.framework</string>
			<key>name</key>
			<string>XCTest.framework</string>
			<key>path</key>
			<string>Library/Frameworks/XCTest.framework</string>
			<key>sourceTree</key>
			<string>DEVELOPER_DIR</string>
		</dict>
		<key>DA9E85B3180CF8F70034193E</key>
		<dict>
			<key>fileRef</key>
			<string>DA9E85B2180CF8F70034193E</string>
			<key>isa</key>
			<string>PBXBuildFile</string>
		</dict>
		<key>DA9E85B4180CF8F70034193E</key>
		<dict>
			<key>fileRef</key>
			<string>DA9E8593180CF8F70034193E</string>
			<key>isa</key>
			<string>PBXBuildFile</string>
		</dict>
		<key>DA9E85B5180CF8F70034193E</key>
		<dict>
			<key>fileRef</key>
			<string>DA9E8597180CF8F70034193E</string>
			<key>isa</key>
			<string>PBXBuildFile</string>
		</dict>
		<key>DA9E85B6180CF8F70034193E</key>
		<dict>
			<key>containerPortal</key>
			<string>DA9E8588180CF8F70034193E</string>
			<key>isa</key>
			<string>PBXContainerItemProxy</string>
			<key>proxyType</key>
			<string>1</string>
			<key>remoteGlobalIDString</key>
			<string>DA9E858F180CF8F70034193E</string>
			<key>remoteInfo</key>
			<string>OCUDLExample</string>
		</dict>
		<key>DA9E85B7180CF8F70034193E</key>
		<dict>
			<key>isa</key>
			<string>PBXTargetDependency</string>
			<key>target</key>
			<string>DA9E858F180CF8F70034193E</string>
			<key>targetProxy</key>
			<string>DA9E85B6180CF8F70034193E</string>
		</dict>
		<key>DA9E85B8180CF8F70034193E</key>
		<dict>
			<key>children</key>
			<array>
				<string>DA9E85BE180CF8F70034193E</string>
				<string>DA9E85B9180CF8F70034193E</string>
			</array>
			<key>isa</key>
			<string>PBXGroup</string>
			<key>path</key>
			<string>OCUDLExampleTests</string>
			<key>sourceTree</key>
			<string>&lt;group&gt;</string>
		</dict>
		<key>DA9E85B9180CF8F70034193E</key>
		<dict>
			<key>children</key>
			<array>
				<string>DA9E85BA180CF8F70034193E</string>
				<string>DA9E85BB180CF8F70034193E</string>
			</array>
			<key>isa</key>
			<string>PBXGroup</string>
			<key>name</key>
			<string>Supporting Files</string>
			<key>sourceTree</key>
			<string>&lt;group&gt;</string>
		</dict>
		<key>DA9E85BA180CF8F70034193E</key>
		<dict>
			<key>isa</key>
			<string>PBXFileReference</string>
			<key>lastKnownFileType</key>
			<string>text.plist.xml</string>
			<key>path</key>
			<string>OCUDLExampleTests-Info.plist</string>
			<key>sourceTree</key>
			<string>&lt;group&gt;</string>
		</dict>
		<key>DA9E85BB180CF8F70034193E</key>
		<dict>
			<key>children</key>
			<array>
				<string>DA9E85BC180CF8F70034193E</string>
			</array>
			<key>isa</key>
			<string>PBXVariantGroup</string>
			<key>name</key>
			<string>InfoPlist.strings</string>
			<key>sourceTree</key>
			<string>&lt;group&gt;</string>
		</dict>
		<key>DA9E85BC180CF8F70034193E</key>
		<dict>
			<key>isa</key>
			<string>PBXFileReference</string>
			<key>lastKnownFileType</key>
			<string>text.plist.strings</string>
			<key>name</key>
			<string>en</string>
			<key>path</key>
			<string>en.lproj/InfoPlist.strings</string>
			<key>sourceTree</key>
			<string>&lt;group&gt;</string>
		</dict>
		<key>DA9E85BD180CF8F70034193E</key>
		<dict>
			<key>fileRef</key>
			<string>DA9E85BB180CF8F70034193E</string>
			<key>isa</key>
			<string>PBXBuildFile</string>
		</dict>
		<key>DA9E85BE180CF8F70034193E</key>
		<dict>
			<key>isa</key>
			<string>PBXFileReference</string>
			<key>lastKnownFileType</key>
			<string>sourcecode.c.objc</string>
			<key>path</key>
			<string>OCUDLExampleTests.m</string>
			<key>sourceTree</key>
			<string>&lt;group&gt;</string>
		</dict>
		<key>DA9E85BF180CF8F70034193E</key>
		<dict>
			<key>fileRef</key>
			<string>DA9E85BE180CF8F70034193E</string>
			<key>isa</key>
			<string>PBXBuildFile</string>
		</dict>
		<key>DA9E85C0180CF8F70034193E</key>
		<dict>
			<key>buildSettings</key>
			<dict>
				<key>ALWAYS_SEARCH_USER_PATHS</key>
				<string>NO</string>
				<key>ARCHS</key>
				<string>$(ARCHS_STANDARD_INCLUDING_64_BIT)</string>
				<key>CLANG_CXX_LANGUAGE_STANDARD</key>
				<string>gnu++0x</string>
				<key>CLANG_CXX_LIBRARY</key>
				<string>libc++</string>
				<key>CLANG_ENABLE_MODULES</key>
				<string>YES</string>
				<key>CLANG_ENABLE_OBJC_ARC</key>
				<string>YES</string>
				<key>CLANG_WARN_BOOL_CONVERSION</key>
				<string>YES</string>
				<key>CLANG_WARN_CONSTANT_CONVERSION</key>
				<string>YES</string>
				<key>CLANG_WARN_DIRECT_OBJC_ISA_USAGE</key>
				<string>YES_ERROR</string>
				<key>CLANG_WARN_EMPTY_BODY</key>
				<string>YES</string>
				<key>CLANG_WARN_ENUM_CONVERSION</key>
				<string>YES</string>
				<key>CLANG_WARN_INT_CONVERSION</key>
				<string>YES</string>
				<key>CLANG_WARN_OBJC_ROOT_CLASS</key>
				<string>YES_ERROR</string>
				<key>CLANG_WARN__DUPLICATE_METHOD_MATCH</key>
				<string>YES</string>
				<key>CODE_SIGN_IDENTITY[sdk=iphoneos*]</key>
				<string>iPhone Developer</string>
				<key>COPY_PHASE_STRIP</key>
				<string>NO</string>
				<key>GCC_C_LANGUAGE_STANDARD</key>
				<string>gnu99</string>
				<key>GCC_DYNAMIC_NO_PIC</key>
				<string>NO</string>
				<key>GCC_OPTIMIZATION_LEVEL</key>
				<string>0</string>
				<key>GCC_PREPROCESSOR_DEFINITIONS</key>
				<array>
					<string>DEBUG=1</string>
					<string>$(inherited)</string>
				</array>
				<key>GCC_SYMBOLS_PRIVATE_EXTERN</key>
				<string>NO</string>
				<key>GCC_WARN_64_TO_32_BIT_CONVERSION</key>
				<string>YES</string>
				<key>GCC_WARN_ABOUT_RETURN_TYPE</key>
				<string>YES_ERROR</string>
				<key>GCC_WARN_UNDECLARED_SELECTOR</key>
				<string>YES</string>
				<key>GCC_WARN_UNINITIALIZED_AUTOS</key>
				<string>YES</string>
				<key>GCC_WARN_UNUSED_FUNCTION</key>
				<string>YES</string>
				<key>GCC_WARN_UNUSED_VARIABLE</key>
				<string>YES</string>
				<key>IPHONEOS_DEPLOYMENT_TARGET</key>
				<string>7.0</string>
				<key>ONLY_ACTIVE_ARCH</key>
				<string>YES</string>
				<key>SDKROOT</key>
				<string>iphoneos</string>
			</dict>
			<key>isa</key>
			<string>XCBuildConfiguration</string>
			<key>name</key>
			<string>Debug</string>
		</dict>
		<key>DA9E85C1180CF8F70034193E</key>
		<dict>
			<key>buildSettings</key>
			<dict>
				<key>ALWAYS_SEARCH_USER_PATHS</key>
				<string>NO</string>
				<key>ARCHS</key>
				<string>$(ARCHS_STANDARD_INCLUDING_64_BIT)</string>
				<key>CLANG_CXX_LANGUAGE_STANDARD</key>
				<string>gnu++0x</string>
				<key>CLANG_CXX_LIBRARY</key>
				<string>libc++</string>
				<key>CLANG_ENABLE_MODULES</key>
				<string>YES</string>
				<key>CLANG_ENABLE_OBJC_ARC</key>
				<string>YES</string>
				<key>CLANG_WARN_BOOL_CONVERSION</key>
				<string>YES</string>
				<key>CLANG_WARN_CONSTANT_CONVERSION</key>
				<string>YES</string>
				<key>CLANG_WARN_DIRECT_OBJC_ISA_USAGE</key>
				<string>YES_ERROR</string>
				<key>CLANG_WARN_EMPTY_BODY</key>
				<string>YES</string>
				<key>CLANG_WARN_ENUM_CONVERSION</key>
				<string>YES</string>
				<key>CLANG_WARN_INT_CONVERSION</key>
				<string>YES</string>
				<key>CLANG_WARN_OBJC_ROOT_CLASS</key>
				<string>YES_ERROR</string>
				<key>CLANG_WARN__DUPLICATE_METHOD_MATCH</key>
				<string>YES</string>
				<key>CODE_SIGN_IDENTITY[sdk=iphoneos*]</key>
				<string>iPhone Developer</string>
				<key>COPY_PHASE_STRIP</key>
				<string>YES</string>
				<key>ENABLE_NS_ASSERTIONS</key>
				<string>NO</string>
				<key>GCC_C_LANGUAGE_STANDARD</key>
				<string>gnu99</string>
				<key>GCC_WARN_64_TO_32_BIT_CONVERSION</key>
				<string>YES</string>
				<key>GCC_WARN_ABOUT_RETURN_TYPE</key>
				<string>YES_ERROR</string>
				<key>GCC_WARN_UNDECLARED_SELECTOR</key>
				<string>YES</string>
				<key>GCC_WARN_UNINITIALIZED_AUTOS</key>
				<string>YES</string>
				<key>GCC_WARN_UNUSED_FUNCTION</key>
				<string>YES</string>
				<key>GCC_WARN_UNUSED_VARIABLE</key>
				<string>YES</string>
				<key>IPHONEOS_DEPLOYMENT_TARGET</key>
				<string>7.0</string>
				<key>SDKROOT</key>
				<string>iphoneos</string>
				<key>VALIDATE_PRODUCT</key>
				<string>YES</string>
			</dict>
			<key>isa</key>
			<string>XCBuildConfiguration</string>
			<key>name</key>
			<string>Release</string>
		</dict>
		<key>DA9E85C2180CF8F70034193E</key>
		<dict>
			<key>buildConfigurations</key>
			<array>
				<string>DA9E85C3180CF8F70034193E</string>
				<string>DA9E85C4180CF8F70034193E</string>
			</array>
			<key>defaultConfigurationIsVisible</key>
			<string>0</string>
			<key>isa</key>
			<string>XCConfigurationList</string>
		</dict>
		<key>DA9E85C3180CF8F70034193E</key>
		<dict>
			<key>baseConfigurationReference</key>
			<string>01049FFA44444CBBB2C92880</string>
			<key>buildSettings</key>
			<dict>
				<key>ASSETCATALOG_COMPILER_APPICON_NAME</key>
				<string>AppIcon</string>
				<key>ASSETCATALOG_COMPILER_LAUNCHIMAGE_NAME</key>
				<string>LaunchImage</string>
				<key>GCC_PRECOMPILE_PREFIX_HEADER</key>
				<string>YES</string>
				<key>GCC_PREFIX_HEADER</key>
				<string>OCUDLExample/OCUDLExample-Prefix.pch</string>
				<key>INFOPLIST_FILE</key>
				<string>OCUDLExample/OCUDLExample-Info.plist</string>
				<key>PRODUCT_NAME</key>
				<string>$(TARGET_NAME)</string>
				<key>WRAPPER_EXTENSION</key>
				<string>app</string>
			</dict>
			<key>isa</key>
			<string>XCBuildConfiguration</string>
			<key>name</key>
			<string>Debug</string>
		</dict>
		<key>DA9E85C4180CF8F70034193E</key>
		<dict>
			<key>baseConfigurationReference</key>
			<string>01049FFA44444CBBB2C92880</string>
			<key>buildSettings</key>
			<dict>
				<key>ASSETCATALOG_COMPILER_APPICON_NAME</key>
				<string>AppIcon</string>
				<key>ASSETCATALOG_COMPILER_LAUNCHIMAGE_NAME</key>
				<string>LaunchImage</string>
				<key>GCC_PRECOMPILE_PREFIX_HEADER</key>
				<string>YES</string>
				<key>GCC_PREFIX_HEADER</key>
				<string>OCUDLExample/OCUDLExample-Prefix.pch</string>
				<key>INFOPLIST_FILE</key>
				<string>OCUDLExample/OCUDLExample-Info.plist</string>
				<key>PRODUCT_NAME</key>
				<string>$(TARGET_NAME)</string>
				<key>WRAPPER_EXTENSION</key>
				<string>app</string>
			</dict>
			<key>isa</key>
			<string>XCBuildConfiguration</string>
			<key>name</key>
			<string>Release</string>
		</dict>
		<key>DA9E85C5180CF8F70034193E</key>
		<dict>
			<key>buildConfigurations</key>
			<array>
				<string>DA9E85C6180CF8F70034193E</string>
				<string>DA9E85C7180CF8F70034193E</string>
			</array>
			<key>defaultConfigurationIsVisible</key>
			<string>0</string>
			<key>isa</key>
			<string>XCConfigurationList</string>
		</dict>
		<key>DA9E85C6180CF8F70034193E</key>
		<dict>
			<key>buildSettings</key>
			<dict>
				<key>ARCHS</key>
				<string>$(ARCHS_STANDARD_INCLUDING_64_BIT)</string>
				<key>BUNDLE_LOADER</key>
				<string>$(BUILT_PRODUCTS_DIR)/OCUDLExample.app/OCUDLExample</string>
				<key>FRAMEWORK_SEARCH_PATHS</key>
				<array>
					<string>$(SDKROOT)/Developer/Library/Frameworks</string>
					<string>$(inherited)</string>
					<string>$(DEVELOPER_FRAMEWORKS_DIR)</string>
				</array>
				<key>GCC_PRECOMPILE_PREFIX_HEADER</key>
				<string>YES</string>
				<key>GCC_PREFIX_HEADER</key>
				<string>OCUDLExample/OCUDLExample-Prefix.pch</string>
				<key>GCC_PREPROCESSOR_DEFINITIONS</key>
				<array>
					<string>DEBUG=1</string>
					<string>$(inherited)</string>
				</array>
				<key>INFOPLIST_FILE</key>
				<string>OCUDLExampleTests/OCUDLExampleTests-Info.plist</string>
				<key>PRODUCT_NAME</key>
				<string>$(TARGET_NAME)</string>
				<key>TEST_HOST</key>
				<string>$(BUNDLE_LOADER)</string>
				<key>WRAPPER_EXTENSION</key>
				<string>xctest</string>
			</dict>
			<key>isa</key>
			<string>XCBuildConfiguration</string>
			<key>name</key>
			<string>Debug</string>
		</dict>
		<key>DA9E85C7180CF8F70034193E</key>
		<dict>
			<key>buildSettings</key>
			<dict>
				<key>ARCHS</key>
				<string>$(ARCHS_STANDARD_INCLUDING_64_BIT)</string>
				<key>BUNDLE_LOADER</key>
				<string>$(BUILT_PRODUCTS_DIR)/OCUDLExample.app/OCUDLExample</string>
				<key>FRAMEWORK_SEARCH_PATHS</key>
				<array>
					<string>$(SDKROOT)/Developer/Library/Frameworks</string>
					<string>$(inherited)</string>
					<string>$(DEVELOPER_FRAMEWORKS_DIR)</string>
				</array>
				<key>GCC_PRECOMPILE_PREFIX_HEADER</key>
				<string>YES</string>
				<key>GCC_PREFIX_HEADER</key>
				<string>OCUDLExample/OCUDLExample-Prefix.pch</string>
				<key>INFOPLIST_FILE</key>
				<string>OCUDLExampleTests/OCUDLExampleTests-Info.plist</string>
				<key>PRODUCT_NAME</key>
				<string>$(TARGET_NAME)</string>
				<key>TEST_HOST</key>
				<string>$(BUNDLE_LOADER)</string>
				<key>WRAPPER_EXTENSION</key>
				<string>xctest</string>
			</dict>
			<key>isa</key>
			<string>XCBuildConfiguration</string>
			<key>name</key>
			<string>Release</string>
		</dict>
		<key>E62C789FF1DB4BD28868B11A</key>
		<dict>
			<key>buildActionMask</key>
			<string>2147483647</string>
			<key>files</key>
			<array/>
			<key>inputPaths</key>
			<array/>
			<key>isa</key>
			<string>PBXShellScriptBuildPhase</string>
			<key>name</key>
			<string>Copy Pods Resources</string>
			<key>outputPaths</key>
			<array/>
			<key>runOnlyForDeploymentPostprocessing</key>
			<string>0</string>
			<key>shellPath</key>
			<string>/bin/sh</string>
			<key>shellScript</key>
			<string>"${SRCROOT}/Pods/Pods-resources.sh"
</string>
			<key>showEnvVarsInLog</key>
			<string>0</string>
		</dict>
	</dict>
	<key>rootObject</key>
	<string>DA9E8588180CF8F70034193E</string>
</dict>
</plist>
